{
    "name": "cisco",
    "version": "1.9.1",
    "lockfileVersion": 2,
    "requires": true,
    "packages": {
        "": {
            "name": "cisco",
            "version": "1.9.1",
            "license": "MIT",
            "engines": {
                "vscode": "^1.5.0"
            }
        }
    }
}
